
Microsoft Visual Studio Solution File, Format Version 12.00
# Visual Studio Version 17
VisualStudioVersion = 17.7.34024.191
MinimumVisualStudioVersion = 10.0.40219.1
Project("{9A19103F-16F7-4668-BE54-9A1E7A4F7556}") = "DataAccessDDO", "..\DDODataAccess\DataAccessDDO.csproj", "{99C39E2C-20EB-4DD5-981E-2D01ADB4FF25}"
EndProject
Project("{9A19103F-16F7-4668-BE54-9A1E7A4F7556}") = "LogicDDO", "..\DDOLogic\LogicDDO.csproj", "{AD3BB862-B6DF-4176-AA06-C57579E0BF63}"
EndProject
Project("{9A19103F-16F7-4668-BE54-9A1E7A4F7556}") = "TestBootstrapRazorPages", "..\TestBootstrapRazorPages\TestBootstrapRazorPages.csproj", "{F24116E6-80D6-452C-9CF9-D96919D4086D}"
EndProject
Project("{9A19103F-16F7-4668-BE54-9A1E7A4F7556}") = "DreamDiaryOnlineTesting", "..\DreamDiaryOnlineTesting\DreamDiaryOnlineTesting.csproj", "{A7862E1E-BD57-4E9E-B382-4A65D2E24F17}"
EndProject
Global
	GlobalSection(SolutionConfigurationPlatforms) = preSolution
		Debug|Any CPU = Debug|Any CPU
		Release|Any CPU = Release|Any CPU
	EndGlobalSection
	GlobalSection(ProjectConfigurationPlatforms) = postSolution
		{99C39E2C-20EB-4DD5-981E-2D01ADB4FF25}.Debug|Any CPU.ActiveCfg = Debug|Any CPU
		{99C39E2C-20EB-4DD5-981E-2D01ADB4FF25}.Debug|Any CPU.Build.0 = Debug|Any CPU
		{99C39E2C-20EB-4DD5-981E-2D01ADB4FF25}.Release|Any CPU.ActiveCfg = Release|Any CPU
		{99C39E2C-20EB-4DD5-981E-2D01ADB4FF25}.Release|Any CPU.Build.0 = Release|Any CPU
		{AD3BB862-B6DF-4176-AA06-C57579E0BF63}.Debug|Any CPU.ActiveCfg = Debug|Any CPU
		{AD3BB862-B6DF-4176-AA06-C57579E0BF63}.Debug|Any CPU.Build.0 = Debug|Any CPU
		{AD3BB862-B6DF-4176-AA06-C57579E0BF63}.Release|Any CPU.ActiveCfg = Release|Any CPU
		{AD3BB862-B6DF-4176-AA06-C57579E0BF63}.Release|Any CPU.Build.0 = Release|Any CPU
		{F24116E6-80D6-452C-9CF9-D96919D4086D}.Debug|Any CPU.ActiveCfg = Debug|Any CPU
		{F24116E6-80D6-452C-9CF9-D96919D4086D}.Debug|Any CPU.Build.0 = Debug|Any CPU
		{F24116E6-80D6-452C-9CF9-D96919D4086D}.Release|Any CPU.ActiveCfg = Release|Any CPU
		{F24116E6-80D6-452C-9CF9-D96919D4086D}.Release|Any CPU.Build.0 = Release|Any CPU
		{A7862E1E-BD57-4E9E-B382-4A65D2E24F17}.Debug|Any CPU.ActiveCfg = Debug|Any CPU
		{A7862E1E-BD57-4E9E-B382-4A65D2E24F17}.Debug|Any CPU.Build.0 = Debug|Any CPU
		{A7862E1E-BD57-4E9E-B382-4A65D2E24F17}.Release|Any CPU.ActiveCfg = Release|Any CPU
		{A7862E1E-BD57-4E9E-B382-4A65D2E24F17}.Release|Any CPU.Build.0 = Release|Any CPU
	EndGlobalSection
	GlobalSection(SolutionProperties) = preSolution
		HideSolutionNode = FALSE
	EndGlobalSection
	GlobalSection(ExtensibilityGlobals) = postSolution
		SolutionGuid = {43252A0F-344D-469C-A846-747EFF2D5EA1}
	EndGlobalSection
EndGlobal
